
Microsoft Visual Studio Solution File, Format Version 12.00
# Visual Studio Version 17
VisualStudioVersion = 17.3.32922.545
MinimumVisualStudioVersion = 10.0.40219.1
Project("{9A19103F-16F7-4668-BE54-9A1E7A4F7556}") = "week2_homework", "week2_homework\week2_homework.csproj", "{9FB26635-7271-4F93-9830-8759CF1507F9}"
EndProject
Project("{9A19103F-16F7-4668-BE54-9A1E7A4F7556}") = "week3_lab", "week3_lab\week3_lab.csproj", "{74853AAD-8657-4D80-9B91-7502324AE94C}"
EndProject
Project("{9A19103F-16F7-4668-BE54-9A1E7A4F7556}") = "week2_lab", "week2_lab\week2_lab.csproj", "{0EB62F84-7D81-4B48-B4BD-A73BBC2D22F2}"
EndProject
Project("{9A19103F-16F7-4668-BE54-9A1E7A4F7556}") = "week3_hw", "week3_hw\week3_hw.csproj", "{D6385657-14F8-4612-81A3-C623BD8526FB}"
EndProject
Project("{FAE04EC0-301F-11D3-BF4B-00C04F79EFBC}") = "week4_lab", "week4_lab\week4_lab.csproj", "{72D717B3-CB56-4E17-B76F-0AD9BE8BE0F5}"
EndProject
Global
	GlobalSection(SolutionConfigurationPlatforms) = preSolution
		Debug|Any CPU = Debug|Any CPU
		Release|Any CPU = Release|Any CPU
	EndGlobalSection
	GlobalSection(ProjectConfigurationPlatforms) = postSolution
		{9FB26635-7271-4F93-9830-8759CF1507F9}.Debug|Any CPU.ActiveCfg = Debug|Any CPU
		{9FB26635-7271-4F93-9830-8759CF1507F9}.Debug|Any CPU.Build.0 = Debug|Any CPU
		{9FB26635-7271-4F93-9830-8759CF1507F9}.Release|Any CPU.ActiveCfg = Release|Any CPU
		{9FB26635-7271-4F93-9830-8759CF1507F9}.Release|Any CPU.Build.0 = Release|Any CPU
		{74853AAD-8657-4D80-9B91-7502324AE94C}.Debug|Any CPU.ActiveCfg = Debug|Any CPU
		{74853AAD-8657-4D80-9B91-7502324AE94C}.Debug|Any CPU.Build.0 = Debug|Any CPU
		{74853AAD-8657-4D80-9B91-7502324AE94C}.Release|Any CPU.ActiveCfg = Release|Any CPU
		{74853AAD-8657-4D80-9B91-7502324AE94C}.Release|Any CPU.Build.0 = Release|Any CPU
		{0EB62F84-7D81-4B48-B4BD-A73BBC2D22F2}.Debug|Any CPU.ActiveCfg = Debug|Any CPU
		{0EB62F84-7D81-4B48-B4BD-A73BBC2D22F2}.Debug|Any CPU.Build.0 = Debug|Any CPU
		{0EB62F84-7D81-4B48-B4BD-A73BBC2D22F2}.Release|Any CPU.ActiveCfg = Release|Any CPU
		{0EB62F84-7D81-4B48-B4BD-A73BBC2D22F2}.Release|Any CPU.Build.0 = Release|Any CPU
		{D6385657-14F8-4612-81A3-C623BD8526FB}.Debug|Any CPU.ActiveCfg = Debug|Any CPU
		{D6385657-14F8-4612-81A3-C623BD8526FB}.Debug|Any CPU.Build.0 = Debug|Any CPU
		{D6385657-14F8-4612-81A3-C623BD8526FB}.Release|Any CPU.ActiveCfg = Release|Any CPU
		{D6385657-14F8-4612-81A3-C623BD8526FB}.Release|Any CPU.Build.0 = Release|Any CPU
		{72D717B3-CB56-4E17-B76F-0AD9BE8BE0F5}.Debug|Any CPU.ActiveCfg = Debug|Any CPU
		{72D717B3-CB56-4E17-B76F-0AD9BE8BE0F5}.Debug|Any CPU.Build.0 = Debug|Any CPU
		{72D717B3-CB56-4E17-B76F-0AD9BE8BE0F5}.Release|Any CPU.ActiveCfg = Release|Any CPU
		{72D717B3-CB56-4E17-B76F-0AD9BE8BE0F5}.Release|Any CPU.Build.0 = Release|Any CPU
	EndGlobalSection
	GlobalSection(SolutionProperties) = preSolution
		HideSolutionNode = FALSE
	EndGlobalSection
	GlobalSection(ExtensibilityGlobals) = postSolution
		SolutionGuid = {E5E64782-2F56-4348-928E-2CF90954CF15}
	EndGlobalSection
EndGlobal
